
Microsoft Visual Studio Solution File, Format Version 12.00
# Visual Studio Version 16
VisualStudioVersion = 25.0.1705.6
MinimumVisualStudioVersion = 10.0.40219.1
Project("{FAE04EC0-301F-11D3-BF4B-00C04F79EFBC}") = "MagicVilla_VillaAPI", "MagicVilla_VillaAPI\MagicVilla_VillaAPI.csproj", "{4D5BA47C-A82C-4255-A876-130ACEE77A88}"
EndProject
Global
	GlobalSection(SolutionConfigurationPlatforms) = preSolution
		Debug|Any CPU = Debug|Any CPU
		Release|Any CPU = Release|Any CPU
	EndGlobalSection
	GlobalSection(ProjectConfigurationPlatforms) = postSolution
		{4D5BA47C-A82C-4255-A876-130ACEE77A88}.Debug|Any CPU.ActiveCfg = Debug|Any CPU
		{4D5BA47C-A82C-4255-A876-130ACEE77A88}.Debug|Any CPU.Build.0 = Debug|Any CPU
		{4D5BA47C-A82C-4255-A876-130ACEE77A88}.Release|Any CPU.ActiveCfg = Release|Any CPU
		{4D5BA47C-A82C-4255-A876-130ACEE77A88}.Release|Any CPU.Build.0 = Release|Any CPU
	EndGlobalSection
	GlobalSection(SolutionProperties) = preSolution
		HideSolutionNode = FALSE
	EndGlobalSection
	GlobalSection(ExtensibilityGlobals) = postSolution
		SolutionGuid = {1B07F517-E2C7-485C-AEB6-60DA8BA787CB}
	EndGlobalSection
EndGlobal
